
Microsoft Visual Studio Solution File, Format Version 12.00
# Visual Studio Version 17
VisualStudioVersion = 17.5.33414.496
MinimumVisualStudioVersion = 10.0.40219.1
Project("{FAE04EC0-301F-11D3-BF4B-00C04F79EFBC}") = "Zadanie1", "Zadanie1\Zadanie1.csproj", "{F1221B39-FE4C-4B27-99AC-798B90CF2EE6}"
EndProject
Project("{FAE04EC0-301F-11D3-BF4B-00C04F79EFBC}") = "Zadanie1 TestProject", "Zadanie1 TestProject\Zadanie1 TestProject.csproj", "{E026E50D-AE4D-4C4D-BB45-15E011DAFA67}"
EndProject
Global
	GlobalSection(SolutionConfigurationPlatforms) = preSolution
		Debug|Any CPU = Debug|Any CPU
		Release|Any CPU = Release|Any CPU
	EndGlobalSection
	GlobalSection(ProjectConfigurationPlatforms) = postSolution
		{F1221B39-FE4C-4B27-99AC-798B90CF2EE6}.Debug|Any CPU.ActiveCfg = Debug|Any CPU
		{F1221B39-FE4C-4B27-99AC-798B90CF2EE6}.Debug|Any CPU.Build.0 = Debug|Any CPU
		{F1221B39-FE4C-4B27-99AC-798B90CF2EE6}.Release|Any CPU.ActiveCfg = Release|Any CPU
		{F1221B39-FE4C-4B27-99AC-798B90CF2EE6}.Release|Any CPU.Build.0 = Release|Any CPU
		{E026E50D-AE4D-4C4D-BB45-15E011DAFA67}.Debug|Any CPU.ActiveCfg = Debug|Any CPU
		{E026E50D-AE4D-4C4D-BB45-15E011DAFA67}.Debug|Any CPU.Build.0 = Debug|Any CPU
		{E026E50D-AE4D-4C4D-BB45-15E011DAFA67}.Release|Any CPU.ActiveCfg = Release|Any CPU
		{E026E50D-AE4D-4C4D-BB45-15E011DAFA67}.Release|Any CPU.Build.0 = Release|Any CPU
	EndGlobalSection
	GlobalSection(SolutionProperties) = preSolution
		HideSolutionNode = FALSE
	EndGlobalSection
	GlobalSection(ExtensibilityGlobals) = postSolution
		SolutionGuid = {79633219-BDC8-4647-BA08-4CE7B904AC9D}
	EndGlobalSection
EndGlobal
